
Microsoft Visual Studio Solution File, Format Version 12.00
# Visual Studio Version 17
VisualStudioVersion = 17.10.35027.167
MinimumVisualStudioVersion = 10.0.40219.1
Project("{FAE04EC0-301F-11D3-BF4B-00C04F79EFBC}") = "DianaLab.Core", "DianaLab.Core\DianaLab.Core.csproj", "{4F451D5D-DB76-40F6-B722-D5F15DE5A645}"
EndProject
Project("{FAE04EC0-301F-11D3-BF4B-00C04F79EFBC}") = "DianaLab.GUI", "DianaLab.GUI\DianaLab.GUI.csproj", "{EF4125E4-5F9F-4FE6-8E95-ADDFECE1B04C}"
EndProject
Global
	GlobalSection(SolutionConfigurationPlatforms) = preSolution
		Debug|Any CPU = Debug|Any CPU
		Release|Any CPU = Release|Any CPU
	EndGlobalSection
	GlobalSection(ProjectConfigurationPlatforms) = postSolution
		{4F451D5D-DB76-40F6-B722-D5F15DE5A645}.Debug|Any CPU.ActiveCfg = Debug|Any CPU
		{4F451D5D-DB76-40F6-B722-D5F15DE5A645}.Debug|Any CPU.Build.0 = Debug|Any CPU
		{4F451D5D-DB76-40F6-B722-D5F15DE5A645}.Release|Any CPU.ActiveCfg = Release|Any CPU
		{4F451D5D-DB76-40F6-B722-D5F15DE5A645}.Release|Any CPU.Build.0 = Release|Any CPU
		{EF4125E4-5F9F-4FE6-8E95-ADDFECE1B04C}.Debug|Any CPU.ActiveCfg = Debug|Any CPU
		{EF4125E4-5F9F-4FE6-8E95-ADDFECE1B04C}.Debug|Any CPU.Build.0 = Debug|Any CPU
		{EF4125E4-5F9F-4FE6-8E95-ADDFECE1B04C}.Release|Any CPU.ActiveCfg = Release|Any CPU
		{EF4125E4-5F9F-4FE6-8E95-ADDFECE1B04C}.Release|Any CPU.Build.0 = Release|Any CPU
	EndGlobalSection
	GlobalSection(SolutionProperties) = preSolution
		HideSolutionNode = FALSE
	EndGlobalSection
	GlobalSection(ExtensibilityGlobals) = postSolution
		SolutionGuid = {5F5477A8-27F6-44FB-AAAF-995BAE044558}
	EndGlobalSection
EndGlobal
